
Microsoft Visual Studio Solution File, Format Version 12.00
# Visual Studio 15
VisualStudioVersion = 15.0.27130.2010
MinimumVisualStudioVersion = 10.0.40219.1
Project("{FAE04EC0-301F-11D3-BF4B-00C04F79EFBC}") = "EntityExtensions", "EntityExtensions\EntityExtensions.csproj", "{1C82F797-B4F1-4025-B381-1C9E3F690713}"
EndProject
Project("{FAE04EC0-301F-11D3-BF4B-00C04F79EFBC}") = "EntityExtensions.Tests", "EntityExtensions.Tests\EntityExtensions.Tests.csproj", "{3D377A07-FE3B-4558-9A39-30771F8DE516}"
EndProject
Project("{FAE04EC0-301F-11D3-BF4B-00C04F79EFBC}") = "EntityExtensions.SqlServer", "EntityExtensions.SqlServer\EntityExtensions.SqlServer.csproj", "{B76848CE-BA7A-40DA-997C-542A3166FE2D}"
EndProject
Global
	GlobalSection(SolutionConfigurationPlatforms) = preSolution
		Debug|Any CPU = Debug|Any CPU
		Release|Any CPU = Release|Any CPU
	EndGlobalSection
	GlobalSection(ProjectConfigurationPlatforms) = postSolution
		{1C82F797-B4F1-4025-B381-1C9E3F690713}.Debug|Any CPU.ActiveCfg = Debug|Any CPU
		{1C82F797-B4F1-4025-B381-1C9E3F690713}.Debug|Any CPU.Build.0 = Debug|Any CPU
		{1C82F797-B4F1-4025-B381-1C9E3F690713}.Release|Any CPU.ActiveCfg = Release|Any CPU
		{1C82F797-B4F1-4025-B381-1C9E3F690713}.Release|Any CPU.Build.0 = Release|Any CPU
		{3D377A07-FE3B-4558-9A39-30771F8DE516}.Debug|Any CPU.ActiveCfg = Debug|Any CPU
		{3D377A07-FE3B-4558-9A39-30771F8DE516}.Debug|Any CPU.Build.0 = Debug|Any CPU
		{3D377A07-FE3B-4558-9A39-30771F8DE516}.Release|Any CPU.ActiveCfg = Release|Any CPU
		{3D377A07-FE3B-4558-9A39-30771F8DE516}.Release|Any CPU.Build.0 = Release|Any CPU
		{B76848CE-BA7A-40DA-997C-542A3166FE2D}.Debug|Any CPU.ActiveCfg = Debug|Any CPU
		{B76848CE-BA7A-40DA-997C-542A3166FE2D}.Debug|Any CPU.Build.0 = Debug|Any CPU
		{B76848CE-BA7A-40DA-997C-542A3166FE2D}.Release|Any CPU.ActiveCfg = Release|Any CPU
		{B76848CE-BA7A-40DA-997C-542A3166FE2D}.Release|Any CPU.Build.0 = Release|Any CPU
	EndGlobalSection
	GlobalSection(SolutionProperties) = preSolution
		HideSolutionNode = FALSE
	EndGlobalSection
	GlobalSection(ExtensibilityGlobals) = postSolution
		SolutionGuid = {20DF036F-1DEB-406D-820C-A7A5A78C4145}
	EndGlobalSection
EndGlobal
